// !$*UTF8*$!
{
	archiveVersion = 1;
	classes = {
	};
	objectVersion = 48;
	objects = {

/* Begin PBXBuildFile section */
		9BFF6CAA20545A6900A91D22 /* AppDelegate.swift in Sources */ = {isa = PBXBuildFile; fileRef = 9BFF6CA920545A6900A91D22 /* AppDelegate.swift */; };
		9BFF6CAC20545A6900A91D22 /* ViewController.swift in Sources */ = {isa = PBXBuildFile; fileRef = 9BFF6CAB20545A6900A91D22 /* ViewController.swift */; };
		9BFF6CAF20545A6900A91D22 /* Main.storyboard in Resources */ = {isa = PBXBuildFile; fileRef = 9BFF6CAD20545A6900A91D22 /* Main.storyboard */; };
		9BFF6CB120545A6900A91D22 /* Assets.xcassets in Resources */ = {isa = PBXBuildFile; fileRef = 9BFF6CB020545A6900A91D22 /* Assets.xcassets */; };
		9BFF6CB420545A6900A91D22 /* LaunchScreen.storyboard in Resources */ = {isa = PBXBuildFile; fileRef = 9BFF6CB220545A6900A91D22 /* LaunchScreen.storyboard */; };
		9BFF6CBC205466B200A91D22 /* CatalogViewCell.swift in Sources */ = {isa = PBXBuildFile; fileRef = 9BFF6CBB205466B200A91D22 /* CatalogViewCell.swift */; };
		9BFF6CBE20547E1500A91D22 /* subViewController.swift in Sources */ = {isa = PBXBuildFile; fileRef = 9BFF6CBD20547E1500A91D22 /* subViewController.swift */; };
/* End PBXBuildFile section */

/* Begin PBXFileReference section */
		9BFF6CA620545A6900A91D22 /* FoodFly.app */ = {isa = PBXFileReference; explicitFileType = wrapper.application; includeInIndex = 0; path = FoodFly.app; sourceTree = BUILT_PRODUCTS_DIR; };
		9BFF6CA920545A6900A91D22 /* AppDelegate.swift */ = {isa = PBXFileReference; lastKnownFileType = sourcecode.swift; path = AppDelegate.swift; sourceTree = "<group>"; };
		9BFF6CAB20545A6900A91D22 /* ViewController.swift */ = {isa = PBXFileReference; lastKnownFileType = sourcecode.swift; path = ViewController.swift; sourceTree = "<group>"; };
		9BFF6CAE20545A6900A91D22 /* Base */ = {isa = PBXFileReference; lastKnownFileType = file.storyboard; name = Base; path = Base.lproj/Main.storyboard; sourceTree = "<group>"; };
		9BFF6CB020545A6900A91D22 /* Assets.xcassets */ = {isa = PBXFileReference; lastKnownFileType = folder.assetcatalog; path = Assets.xcassets; sourceTree = "<group>"; };
		9BFF6CB320545A6900A91D22 /* Base */ = {isa = PBXFileReference; lastKnownFileType = file.storyboard; name = Base; path = Base.lproj/LaunchScreen.storyboard; sourceTree = "<group>"; };
		9BFF6CB520545A6900A91D22 /* Info.plist */ = {isa = PBXFileReference; lastKnownFileType = text.plist.xml; path = Info.plist; sourceTree = "<group>"; };
		9BFF6CBB205466B200A91D22 /* CatalogViewCell.swift */ = {isa = PBXFileReference; lastKnownFileType = sourcecode.swift; path = CatalogViewCell.swift; sourceTree = "<group>"; };
		9BFF6CBD20547E1500A91D22 /* subViewController.swift */ = {isa = PBXFileReference; lastKnownFileType = sourcecode.swift; path = subViewController.swift; sourceTree = "<group>"; };
/* End PBXFileReference section */

/* Begin PBXFrameworksBuildPhase section */
		9BFF6CA320545A6900A91D22 /* Frameworks */ = {
			isa = PBXFrameworksBuildPhase;
			buildActionMask = 2147483647;
			files = (
			);
			runOnlyForDeploymentPostprocessing = 0;
		};
/* End PBXFrameworksBuildPhase section */

/* Begin PBXGroup section */
		9BFF6C9D20545A6900A91D22 = {
			isa = PBXGroup;
			children = (
				9BFF6CA820545A6900A91D22 /* FoodFly */,
				9BFF6CA720545A6900A91D22 /* Products */,
			);
			sourceTree = "<group>";
		};
		9BFF6CA720545A6900A91D22 /* Products */ = {
			isa = PBXGroup;
			children = (
				9BFF6CA620545A6900A91D22 /* FoodFly.app */,
			);
			name = Products;
			sourceTree = "<group>";
		};
		9BFF6CA820545A6900A91D22 /* FoodFly */ = {
			isa = PBXGroup;
			children = (
				9BFF6CA920545A6900A91D22 /* AppDelegate.swift */,
				9BFF6CBB205466B200A91D22 /* CatalogViewCell.swift */,
				9BFF6CAB20545A6900A91D22 /* ViewController.swift */,
				9BFF6CBD20547E1500A91D22 /* subViewController.swift */,
				9BFF6CAD20545A6900A91D22 /* Main.storyboard */,
				9BFF6CB020545A6900A91D22 /* Assets.xcassets */,
				9BFF6CB220545A6900A91D22 /* LaunchScreen.storyboard */,
				9BFF6CB520545A6900A91D22 /* Info.plist */,
			);
			path = FoodFly;
			sourceTree = "<group>";
		};
/* End PBXGroup section */

/* Begin PBXNativeTarget section */
		9BFF6CA520545A6900A91D22 /* FoodFly */ = {
			isa = PBXNativeTarget;
			buildConfigurationList = 9BFF6CB820545A6900A91D22 /* Build configuration list for PBXNativeTarget "FoodFly" */;
			buildPhases = (
				9BFF6CA220545A6900A91D22 /* Sources */,
				9BFF6CA320545A6900A91D22 /* Frameworks */,
				9BFF6CA420545A6900A91D22 /* Resources */,
			);
			buildRules = (
			);
			dependencies = (
			);
			name = FoodFly;
			productName = FoodFly;
			productReference = 9BFF6CA620545A6900A91D22 /* FoodFly.app */;
			productType = "com.apple.product-type.application";
		};
/* End PBXNativeTarget section */

/* Begin PBXProject section */
		9BFF6C9E20545A6900A91D22 /* Project object */ = {
			isa = PBXProject;
			attributes = {
				LastSwiftUpdateCheck = 0920;
				LastUpgradeCheck = 0920;
				ORGANIZATIONNAME = LEE;
				TargetAttributes = {
					9BFF6CA520545A6900A91D22 = {
						CreatedOnToolsVersion = 9.2;
						ProvisioningStyle = Automatic;
					};
				};
			};
			buildConfigurationList = 9BFF6CA120545A6900A91D22 /* Build configuration list for PBXProject "FoodFly" */;
			compatibilityVersion = "Xcode 8.0";
			developmentRegion = en;
			hasScannedForEncodings = 0;
			knownRegions = (
				en,
				Base,
			);
			mainGroup = 9BFF6C9D20545A6900A91D22;
			productRefGroup = 9BFF6CA720545A6900A91D22 /* Products */;
			projectDirPath = "";
			projectRoot = "";
			targets = (
				9BFF6CA520545A6900A91D22 /* FoodFly */,
			);
		};
/* End PBXProject section */

/* Begin PBXResourcesBuildPhase section */
		9BFF6CA420545A6900A91D22 /* Resources */ = {
			isa = PBXResourcesBuildPhase;
			buildActionMask = 2147483647;
			files = (
				9BFF6CB420545A6900A91D22 /* LaunchScreen.storyboard in Resources */,
				9BFF6CB120545A6900A91D22 /* Assets.xcassets in Resources */,
				9BFF6CAF20545A6900A91D22 /* Main.storyboard in Resources */,
			);
			runOnlyForDeploymentPostprocessing = 0;
		};
/* End PBXResourcesBuildPhase section */

/* Begin PBXSourcesBuildPhase section */
		9BFF6CA220545A6900A91D22 /* Sources */ = {
			isa = PBXSourcesBuildPhase;
			buildActionMask = 2147483647;
			files = (
				9BFF6CAC20545A6900A91D22 /* ViewController.swift in Sources */,
				9BFF6CAA20545A6900A91D22 /* AppDelegate.swift in Sources */,
				9BFF6CBC205466B200A91D22 /* CatalogViewCell.swift in Sources */,
				9BFF6CBE20547E1500A91D22 /* subViewController.swift in Sources */,
			);
			runOnlyForDeploymentPostprocessing = 0;
		};
/* End PBXSourcesBuildPhase section */

/* Begin PBXVariantGroup section */
		9BFF6CAD20545A6900A91D22 /* Main.storyboard */ = {
			isa = PBXVariantGroup;
			children = (
				9BFF6CAE20545A6900A91D22 /* Base */,
			);
			name = Main.storyboard;
			sourceTree = "<group>";
		};
		9BFF6CB220545A6900A91D22 /* LaunchScreen.storyboard */ = {
			isa = PBXVariantGroup;
			children = (
				9BFF6CB320545A6900A91D22 /* Base */,
			);
			name = LaunchScreen.storyboard;
			sourceTree = "<group>";
		};
/* End PBXVariantGroup section */

/* Begin XCBuildConfiguration section */
		9BFF6CB620545A6900A91D22 /* Debug */ = {
			isa = XCBuildConfiguration;
			buildSettings = {
				ALWAYS_SEARCH_USER_PATHS = NO;
				CLANG_ANALYZER_NONNULL = YES;
				CLANG_ANALYZER_NUMBER_OBJECT_CONVERSION = YES_AGGRESSIVE;
				CLANG_CXX_LANGUAGE_STANDARD = "gnu++14";
				CLANG_CXX_LIBRARY = "libc++";
				CLANG_ENABLE_MODULES = YES;
				CLANG_ENABLE_OBJC_ARC = YES;
				CLANG_WARN_BLOCK_CAPTURE_AUTORELEASING = YES;
				CLANG_WARN_BOOL_CONVERSION = YES;
				CLANG_WARN_COMMA = YES;
				CLANG_WARN_CONSTANT_CONVERSION = YES;
				CLANG_WARN_DIRECT_OBJC_ISA_USAGE = YES_ERROR;
				CLANG_WARN_DOCUMENTATION_COMMENTS = YES;
				CLANG_WARN_EMPTY_BODY = YES;
				CLANG_WARN_ENUM_CONVERSION = YES;
				CLANG_WARN_INFINITE_RECURSION = YES;
				CLANG_WARN_INT_CONVERSION = YES;
				CLANG_WARN_NON_LITERAL_NULL_CONVERSION = YES;
				CLANG_WARN_OBJC_LITERAL_CONVERSION = YES;
				CLANG_WARN_OBJC_ROOT_CLASS = YES_ERROR;
				CLANG_WARN_RANGE_LOOP_ANALYSIS = YES;
				CLANG_WARN_STRICT_PROTOTYPES = YES;
				CLANG_WARN_SUSPICIOUS_MOVE = YES;
				CLANG_WARN_UNGUARDED_AVAILABILITY = YES_AGGRESSIVE;
				CLANG_WARN_UNREACHABLE_CODE = YES;
				CLANG_WARN__DUPLICATE_METHOD_MATCH = YES;
				CODE_SIGN_IDENTITY = "iPhone Developer";
				COPY_PHASE_STRIP = NO;
				DEBUG_INFORMATION_FORMAT = dwarf;
				ENABLE_STRICT_OBJC_MSGSEND = YES;
				ENABLE_TESTABILITY = YES;
				GCC_C_LANGUAGE_STANDARD = gnu11;
				GCC_DYNAMIC_NO_PIC = NO;
				GCC_NO_COMMON_BLOCKS = YES;
				GCC_OPTIMIZATION_LEVEL = 0;
				GCC_PREPROCESSOR_DEFINITIONS = (
					"DEBUG=1",
					"$(inherited)",
				);
				GCC_WARN_64_TO_32_BIT_CONVERSION = YES;
				GCC_WARN_ABOUT_RETURN_TYPE = YES_ERROR;
				GCC_WARN_UNDECLARED_SELECTOR = YES;
				GCC_WARN_UNINITIALIZED_AUTOS = YES_AGGRESSIVE;
				GCC_WARN_UNUSED_FUNCTION = YES;
				GCC_WARN_UNUSED_VARIABLE = YES;
				IPHONEOS_DEPLOYMENT_TARGET = 11.2;
				MTL_ENABLE_DEBUG_INFO = YES;
				ONLY_ACTIVE_ARCH = YES;
				SDKROOT = iphoneos;
				SWIFT_ACTIVE_COMPILATION_CONDITIONS = DEBUG;
				SWIFT_OPTIMIZATION_LEVEL = "-Onone";
			};
			name = Debug;
		};
		9BFF6CB720545A6900A91D22 /* Release */ = {
			isa = XCBuildConfiguration;
			buildSettings = {
				ALWAYS_SEARCH_USER_PATHS = NO;
				CLANG_ANALYZER_NONNULL = YES;
				CLANG_ANALYZER_NUMBER_OBJECT_CONVERSION = YES_AGGRESSIVE;
				CLANG_CXX_LANGUAGE_STANDARD = "gnu++14";
				CLANG_CXX_LIBRARY = "libc++";
				CLANG_ENABLE_MODULES = YES;
				CLANG_ENABLE_OBJC_ARC = YES;
				CLANG_WARN_BLOCK_CAPTURE_AUTORELEASING = YES;
				CLANG_WARN_BOOL_CONVERSION = YES;
				CLANG_WARN_COMMA = YES;
				CLANG_WARN_CONSTANT_CONVERSION = YES;
				CLANG_WARN_DIRECT_OBJC_ISA_USAGE = YES_ERROR;
				CLANG_WARN_DOCUMENTATION_COMMENTS = YES;
				CLANG_WARN_EMPTY_BODY = YES;
				CLANG_WARN_ENUM_CONVERSION = YES;
				CLANG_WARN_INFINITE_RECURSION = YES;
				CLANG_WARN_INT_CONVERSION = YES;
				CLANG_WARN_NON_LITERAL_NULL_CONVERSION = YES;
				CLANG_WARN_OBJC_LITERAL_CONVERSION = YES;
				CLANG_WARN_OBJC_ROOT_CLASS = YES_ERROR;
				CLANG_WARN_RANGE_LOOP_ANALYSIS = YES;
				CLANG_WARN_STRICT_PROTOTYPES = YES;
				CLANG_WARN_SUSPICIOUS_MOVE = YES;
				CLANG_WARN_UNGUARDED_AVAILABILITY = YES_AGGRESSIVE;
				CLANG_WARN_UNREACHABLE_CODE = YES;
				CLANG_WARN__DUPLICATE_METHOD_MATCH = YES;
				CODE_SIGN_IDENTITY = "iPhone Developer";
				COPY_PHASE_STRIP = NO;
				DEBUG_INFORMATION_FORMAT = "dwarf-with-dsym";
				ENABLE_NS_ASSERTIONS = NO;
				ENABLE_STRICT_OBJC_MSGSEND = YES;
				GCC_C_LANGUAGE_STANDARD = gnu11;
				GCC_NO_COMMON_BLOCKS = YES;
				GCC_WARN_64_TO_32_BIT_CONVERSION = YES;
				GCC_WARN_ABOUT_RETURN_TYPE = YES_ERROR;
				GCC_WARN_UNDECLARED_SELECTOR = YES;
				GCC_WARN_UNINITIALIZED_AUTOS = YES_AGGRESSIVE;
				GCC_WARN_UNUSED_FUNCTION = YES;
				GCC_WARN_UNUSED_VARIABLE = YES;
				IPHONEOS_DEPLOYMENT_TARGET = 11.2;
				MTL_ENABLE_DEBUG_INFO = NO;
				SDKROOT = iphoneos;
				SWIFT_OPTIMIZATION_LEVEL = "-Owholemodule";
				VALIDATE_PRODUCT = YES;
			};
			name = Release;
		};
		9BFF6CB920545A6900A91D22 /* Debug */ = {
			isa = XCBuildConfiguration;
			buildSettings = {
				ASSETCATALOG_COMPILER_APPICON_NAME = AppIcon;
				CODE_SIGN_STYLE = Automatic;
				INFOPLIST_FILE = FoodFly/Info.plist;
				LD_RUNPATH_SEARCH_PATHS = "$(inherited) @executable_path/Frameworks";
				PRODUCT_BUNDLE_IDENTIFIER = Lee.FoodFly;
				PRODUCT_NAME = "$(TARGET_NAME)";
				SWIFT_VERSION = 4.0;
				TARGETED_DEVICE_FAMILY = "1,2";
			};
			name = Debug;
		};
		9BFF6CBA20545A6900A91D22 /* Release */ = {
			isa = XCBuildConfiguration;
			buildSettings = {
				ASSETCATALOG_COMPILER_APPICON_NAME = AppIcon;
				CODE_SIGN_STYLE = Automatic;
				INFOPLIST_FILE = FoodFly/Info.plist;
				LD_RUNPATH_SEARCH_PATHS = "$(inherited) @executable_path/Frameworks";
				PRODUCT_BUNDLE_IDENTIFIER = Lee.FoodFly;
				PRODUCT_NAME = "$(TARGET_NAME)";
				SWIFT_VERSION = 4.0;
				TARGETED_DEVICE_FAMILY = "1,2";
			};
			name = Release;
		};
/* End XCBuildConfiguration section */

/* Begin XCConfigurationList section */
		9BFF6CA120545A6900A91D22 /* Build configuration list for PBXProject "FoodFly" */ = {
			isa = XCConfigurationList;
			buildConfigurations = (
				9BFF6CB620545A6900A91D22 /* Debug */,
				9BFF6CB720545A6900A91D22 /* Release */,
			);
			defaultConfigurationIsVisible = 0;
			defaultConfigurationName = Release;
		};
		9BFF6CB820545A6900A91D22 /* Build configuration list for PBXNativeTarget "FoodFly" */ = {
			isa = XCConfigurationList;
			buildConfigurations = (
				9BFF6CB920545A6900A91D22 /* Debug */,
				9BFF6CBA20545A6900A91D22 /* Release */,
			);
			defaultConfigurationIsVisible = 0;
			defaultConfigurationName = Release;
		};
/* End XCConfigurationList section */
	};
	rootObject = 9BFF6C9E20545A6900A91D22 /* Project object */;
}
